{
  "name": "logpipe",
  "version": "1.0.0",
  "lockfileVersion": 3,
  "requires": true,
  "packages": {
    "": {
      "name": "logpipe",
      "version": "1.0.0",
      "dependencies": {
        "logpipe-platform-support": "file:vendor/logpipe-platform-support-1.1.0.tgz"
      },
      "engines": {
        "node": ">=20"
      }
    },
    "node_modules/logpipe-platform-support": {
      "version": "1.1.0",
      "resolved": "file:vendor/logpipe-platform-support-1.1.0.tgz",
      "integrity": "sha512-8Fui/au9jilcc7sLIEZuNtz03JNCbU+lwZGWXdbMr6NdeGyx8dXe9QmhppMXhM3FllaX6/+Fq5yqtcMguZt5zQ==",
      "engines": {
        "node": ">=20"
      }
    }
  }
}
