{
  "name": "logpipe",
  "version": "1.0.0",
  "lockfileVersion": 3,
  "requires": true,
  "packages": {
    "": {
      "name": "logpipe",
      "version": "1.0.0",
      "dependencies": {
        "logpipe-platform-support": "file:vendor/logpipe-platform-support-1.0.0.tgz"
      },
      "engines": {
        "node": ">=20"
      }
    },
    "node_modules/logpipe-platform-support": {
      "version": "1.0.0",
      "resolved": "file:vendor/logpipe-platform-support-1.0.0.tgz",
      "integrity": "sha512-pd63DO1WfN5UT7vDMOUf3+NkgDhfbSFQLylZfgmyxy5KD3iJMBJqSLXHMvJ5TAmblRC1OV+66tG0rf/mqAHFvw=="
    }
  }
}
